
Microsoft Visual Studio Solution File, Format Version 12.00
# Visual Studio Version 16
VisualStudioVersion = 16.0.30503.244
MinimumVisualStudioVersion = 10.0.40219.1
Project("{FAE04EC0-301F-11D3-BF4B-00C04F79EFBC}") = "TimeseriesTest", "TimeseriesTest.csproj", "{09323247-A13F-4304-98E8-3A5DA75CDEB5}"
EndProject
Global
	GlobalSection(SolutionConfigurationPlatforms) = preSolution
		Debug|Any CPU = Debug|Any CPU
		Release|Any CPU = Release|Any CPU
	EndGlobalSection
	GlobalSection(ProjectConfigurationPlatforms) = postSolution
		{09323247-A13F-4304-98E8-3A5DA75CDEB5}.Debug|Any CPU.ActiveCfg = Debug|Any CPU
		{09323247-A13F-4304-98E8-3A5DA75CDEB5}.Debug|Any CPU.Build.0 = Debug|Any CPU
		{09323247-A13F-4304-98E8-3A5DA75CDEB5}.Release|Any CPU.ActiveCfg = Release|Any CPU
		{09323247-A13F-4304-98E8-3A5DA75CDEB5}.Release|Any CPU.Build.0 = Release|Any CPU
	EndGlobalSection
	GlobalSection(SolutionProperties) = preSolution
		HideSolutionNode = FALSE
	EndGlobalSection
	GlobalSection(ExtensibilityGlobals) = postSolution
		SolutionGuid = {32706564-EF7D-423E-97DF-275A27CED0BE}
	EndGlobalSection
EndGlobal
